// !$*UTF8*$!
{
	archiveVersion = 1;
	classes = {
	};
	objectVersion = 50;
	objects = {

/* Begin PBXBuildFile section */
		8456165C210B1FE700ABC8DC /* AppDelegate.m in Sources */ = {isa = PBXBuildFile; fileRef = 8456165B210B1FE700ABC8DC /* AppDelegate.m */; };
		8456165F210B1FE800ABC8DC /* ViewController.m in Sources */ = {isa = PBXBuildFile; fileRef = 8456165E210B1FE800ABC8DC /* ViewController.m */; };
		84561662210B1FE800ABC8DC /* Main.storyboard in Resources */ = {isa = PBXBuildFile; fileRef = 84561660210B1FE800ABC8DC /* Main.storyboard */; };
		84561664210B201400ABC8DC /* Assets.xcassets in Resources */ = {isa = PBXBuildFile; fileRef = 84561663210B201400ABC8DC /* Assets.xcassets */; };
		84561667210B201500ABC8DC /* LaunchScreen.storyboard in Resources */ = {isa = PBXBuildFile; fileRef = 84561665210B201500ABC8DC /* LaunchScreen.storyboard */; };
		8456166A210B201700ABC8DC /* main.m in Sources */ = {isa = PBXBuildFile; fileRef = 84561669210B201700ABC8DC /* main.m */; };
/* End PBXBuildFile section */

/* Begin PBXFileReference section */
		84561657210B1FE600ABC8DC /* APIManager_9to5iOS.app */ = {isa = PBXFileReference; explicitFileType = wrapper.application; includeInIndex = 0; path = APIManager_9to5iOS.app; sourceTree = BUILT_PRODUCTS_DIR; };
		8456165A210B1FE700ABC8DC /* AppDelegate.h */ = {isa = PBXFileReference; lastKnownFileType = sourcecode.c.h; path = AppDelegate.h; sourceTree = "<group>"; };
		8456165B210B1FE700ABC8DC /* AppDelegate.m */ = {isa = PBXFileReference; lastKnownFileType = sourcecode.c.objc; path = AppDelegate.m; sourceTree = "<group>"; };
		8456165D210B1FE700ABC8DC /* ViewController.h */ = {isa = PBXFileReference; lastKnownFileType = sourcecode.c.h; path = ViewController.h; sourceTree = "<group>"; };
		8456165E210B1FE800ABC8DC /* ViewController.m */ = {isa = PBXFileReference; lastKnownFileType = sourcecode.c.objc; path = ViewController.m; sourceTree = "<group>"; };
		84561661210B1FE800ABC8DC /* Base */ = {isa = PBXFileReference; lastKnownFileType = file.storyboard; name = Base; path = Base.lproj/Main.storyboard; sourceTree = "<group>"; };
		84561663210B201400ABC8DC /* Assets.xcassets */ = {isa = PBXFileReference; lastKnownFileType = folder.assetcatalog; path = Assets.xcassets; sourceTree = "<group>"; };
		84561666210B201500ABC8DC /* Base */ = {isa = PBXFileReference; lastKnownFileType = file.storyboard; name = Base; path = Base.lproj/LaunchScreen.storyboard; sourceTree = "<group>"; };
		84561668210B201600ABC8DC /* Info.plist */ = {isa = PBXFileReference; lastKnownFileType = text.plist.xml; path = Info.plist; sourceTree = "<group>"; };
		84561669210B201700ABC8DC /* main.m */ = {isa = PBXFileReference; lastKnownFileType = sourcecode.c.objc; path = main.m; sourceTree = "<group>"; };
/* End PBXFileReference section */

/* Begin PBXFrameworksBuildPhase section */
		84561654210B1FE600ABC8DC /* Frameworks */ = {
			isa = PBXFrameworksBuildPhase;
			buildActionMask = 2147483647;
			files = (
			);
			runOnlyForDeploymentPostprocessing = 0;
		};
/* End PBXFrameworksBuildPhase section */

/* Begin PBXGroup section */
		8456164E210B1FE500ABC8DC = {
			isa = PBXGroup;
			children = (
				84561659210B1FE600ABC8DC /* APIManager_9to5iOS */,
				84561658210B1FE600ABC8DC /* Products */,
			);
			sourceTree = "<group>";
		};
		84561658210B1FE600ABC8DC /* Products */ = {
			isa = PBXGroup;
			children = (
				84561657210B1FE600ABC8DC /* APIManager_9to5iOS.app */,
			);
			name = Products;
			sourceTree = "<group>";
		};
		84561659210B1FE600ABC8DC /* APIManager_9to5iOS */ = {
			isa = PBXGroup;
			children = (
				8456165A210B1FE700ABC8DC /* AppDelegate.h */,
				8456165B210B1FE700ABC8DC /* AppDelegate.m */,
				8456165D210B1FE700ABC8DC /* ViewController.h */,
				8456165E210B1FE800ABC8DC /* ViewController.m */,
				84561660210B1FE800ABC8DC /* Main.storyboard */,
				84561663210B201400ABC8DC /* Assets.xcassets */,
				84561665210B201500ABC8DC /* LaunchScreen.storyboard */,
				84561668210B201600ABC8DC /* Info.plist */,
				84561669210B201700ABC8DC /* main.m */,
			);
			path = APIManager_9to5iOS;
			sourceTree = "<group>";
		};
/* End PBXGroup section */

/* Begin PBXNativeTarget section */
		84561656210B1FE600ABC8DC /* APIManager_9to5iOS */ = {
			isa = PBXNativeTarget;
			buildConfigurationList = 8456166D210B201700ABC8DC /* Build configuration list for PBXNativeTarget "APIManager_9to5iOS" */;
			buildPhases = (
				84561653210B1FE600ABC8DC /* Sources */,
				84561654210B1FE600ABC8DC /* Frameworks */,
				84561655210B1FE600ABC8DC /* Resources */,
			);
			buildRules = (
			);
			dependencies = (
			);
			name = APIManager_9to5iOS;
			productName = APIManager_9to5iOS;
			productReference = 84561657210B1FE600ABC8DC /* APIManager_9to5iOS.app */;
			productType = "com.apple.product-type.application";
		};
/* End PBXNativeTarget section */

/* Begin PBXProject section */
		8456164F210B1FE500ABC8DC /* Project object */ = {
			isa = PBXProject;
			attributes = {
				LastUpgradeCheck = 0930;
				ORGANIZATIONNAME = admin;
				TargetAttributes = {
					84561656210B1FE600ABC8DC = {
						CreatedOnToolsVersion = 9.3.1;
					};
				};
			};
			buildConfigurationList = 84561652210B1FE600ABC8DC /* Build configuration list for PBXProject "APIManager_9to5iOS" */;
			compatibilityVersion = "Xcode 9.3";
			developmentRegion = en;
			hasScannedForEncodings = 0;
			knownRegions = (
				en,
				Base,
			);
			mainGroup = 8456164E210B1FE500ABC8DC;
			productRefGroup = 84561658210B1FE600ABC8DC /* Products */;
			projectDirPath = "";
			projectRoot = "";
			targets = (
				84561656210B1FE600ABC8DC /* APIManager_9to5iOS */,
			);
		};
/* End PBXProject section */

/* Begin PBXResourcesBuildPhase section */
		84561655210B1FE600ABC8DC /* Resources */ = {
			isa = PBXResourcesBuildPhase;
			buildActionMask = 2147483647;
			files = (
				84561667210B201500ABC8DC /* LaunchScreen.storyboard in Resources */,
				84561664210B201400ABC8DC /* Assets.xcassets in Resources */,
				84561662210B1FE800ABC8DC /* Main.storyboard in Resources */,
			);
			runOnlyForDeploymentPostprocessing = 0;
		};
/* End PBXResourcesBuildPhase section */

/* Begin PBXSourcesBuildPhase section */
		84561653210B1FE600ABC8DC /* Sources */ = {
			isa = PBXSourcesBuildPhase;
			buildActionMask = 2147483647;
			files = (
				8456165F210B1FE800ABC8DC /* ViewController.m in Sources */,
				8456166A210B201700ABC8DC /* main.m in Sources */,
				8456165C210B1FE700ABC8DC /* AppDelegate.m in Sources */,
			);
			runOnlyForDeploymentPostprocessing = 0;
		};
/* End PBXSourcesBuildPhase section */

/* Begin PBXVariantGroup section */
		84561660210B1FE800ABC8DC /* Main.storyboard */ = {
			isa = PBXVariantGroup;
			children = (
				84561661210B1FE800ABC8DC /* Base */,
			);
			name = Main.storyboard;
			sourceTree = "<group>";
		};
		84561665210B201500ABC8DC /* LaunchScreen.storyboard */ = {
			isa = PBXVariantGroup;
			children = (
				84561666210B201500ABC8DC /* Base */,
			);
			name = LaunchScreen.storyboard;
			sourceTree = "<group>";
		};
/* End PBXVariantGroup section */

/* Begin XCBuildConfiguration section */
		8456166B210B201700ABC8DC /* Debug */ = {
			isa = XCBuildConfiguration;
			buildSettings = {
				ALWAYS_SEARCH_USER_PATHS = NO;
				CLANG_ANALYZER_NONNULL = YES;
				CLANG_ANALYZER_NUMBER_OBJECT_CONVERSION = YES_AGGRESSIVE;
				CLANG_CXX_LANGUAGE_STANDARD = "gnu++14";
				CLANG_CXX_LIBRARY = "libc++";
				CLANG_ENABLE_MODULES = YES;
				CLANG_ENABLE_OBJC_ARC = YES;
				CLANG_ENABLE_OBJC_WEAK = YES;
				CLANG_WARN_BLOCK_CAPTURE_AUTORELEASING = YES;
				CLANG_WARN_BOOL_CONVERSION = YES;
				CLANG_WARN_COMMA = YES;
				CLANG_WARN_CONSTANT_CONVERSION = YES;
				CLANG_WARN_DEPRECATED_OBJC_IMPLEMENTATIONS = YES;
				CLANG_WARN_DIRECT_OBJC_ISA_USAGE = YES_ERROR;
				CLANG_WARN_DOCUMENTATION_COMMENTS = YES;
				CLANG_WARN_EMPTY_BODY = YES;
				CLANG_WARN_ENUM_CONVERSION = YES;
				CLANG_WARN_INFINITE_RECURSION = YES;
				CLANG_WARN_INT_CONVERSION = YES;
				CLANG_WARN_NON_LITERAL_NULL_CONVERSION = YES;
				CLANG_WARN_OBJC_IMPLICIT_RETAIN_SELF = YES;
				CLANG_WARN_OBJC_LITERAL_CONVERSION = YES;
				CLANG_WARN_OBJC_ROOT_CLASS = YES_ERROR;
				CLANG_WARN_RANGE_LOOP_ANALYSIS = YES;
				CLANG_WARN_STRICT_PROTOTYPES = YES;
				CLANG_WARN_SUSPICIOUS_MOVE = YES;
				CLANG_WARN_UNGUARDED_AVAILABILITY = YES_AGGRESSIVE;
				CLANG_WARN_UNREACHABLE_CODE = YES;
				CLANG_WARN__DUPLICATE_METHOD_MATCH = YES;
				CODE_SIGN_IDENTITY = "iPhone Developer";
				COPY_PHASE_STRIP = NO;
				DEBUG_INFORMATION_FORMAT = dwarf;
				ENABLE_STRICT_OBJC_MSGSEND = YES;
				ENABLE_TESTABILITY = YES;
				GCC_C_LANGUAGE_STANDARD = gnu11;
				GCC_DYNAMIC_NO_PIC = NO;
				GCC_NO_COMMON_BLOCKS = YES;
				GCC_OPTIMIZATION_LEVEL = 0;
				GCC_PREPROCESSOR_DEFINITIONS = (
					"DEBUG=1",
					"$(inherited)",
				);
				GCC_WARN_64_TO_32_BIT_CONVERSION = YES;
				GCC_WARN_ABOUT_RETURN_TYPE = YES_ERROR;
				GCC_WARN_UNDECLARED_SELECTOR = YES;
				GCC_WARN_UNINITIALIZED_AUTOS = YES_AGGRESSIVE;
				GCC_WARN_UNUSED_FUNCTION = YES;
				GCC_WARN_UNUSED_VARIABLE = YES;
				IPHONEOS_DEPLOYMENT_TARGET = 11.3;
				MTL_ENABLE_DEBUG_INFO = YES;
				ONLY_ACTIVE_ARCH = YES;
				SDKROOT = iphoneos;
			};
			name = Debug;
		};
		8456166C210B201700ABC8DC /* Release */ = {
			isa = XCBuildConfiguration;
			buildSettings = {
				ALWAYS_SEARCH_USER_PATHS = NO;
				CLANG_ANALYZER_NONNULL = YES;
				CLANG_ANALYZER_NUMBER_OBJECT_CONVERSION = YES_AGGRESSIVE;
				CLANG_CXX_LANGUAGE_STANDARD = "gnu++14";
				CLANG_CXX_LIBRARY = "libc++";
				CLANG_ENABLE_MODULES = YES;
				CLANG_ENABLE_OBJC_ARC = YES;
				CLANG_ENABLE_OBJC_WEAK = YES;
				CLANG_WARN_BLOCK_CAPTURE_AUTORELEASING = YES;
				CLANG_WARN_BOOL_CONVERSION = YES;
				CLANG_WARN_COMMA = YES;
				CLANG_WARN_CONSTANT_CONVERSION = YES;
				CLANG_WARN_DEPRECATED_OBJC_IMPLEMENTATIONS = YES;
				CLANG_WARN_DIRECT_OBJC_ISA_USAGE = YES_ERROR;
				CLANG_WARN_DOCUMENTATION_COMMENTS = YES;
				CLANG_WARN_EMPTY_BODY = YES;
				CLANG_WARN_ENUM_CONVERSION = YES;
				CLANG_WARN_INFINITE_RECURSION = YES;
				CLANG_WARN_INT_CONVERSION = YES;
				CLANG_WARN_NON_LITERAL_NULL_CONVERSION = YES;
				CLANG_WARN_OBJC_IMPLICIT_RETAIN_SELF = YES;
				CLANG_WARN_OBJC_LITERAL_CONVERSION = YES;
				CLANG_WARN_OBJC_ROOT_CLASS = YES_ERROR;
				CLANG_WARN_RANGE_LOOP_ANALYSIS = YES;
				CLANG_WARN_STRICT_PROTOTYPES = YES;
				CLANG_WARN_SUSPICIOUS_MOVE = YES;
				CLANG_WARN_UNGUARDED_AVAILABILITY = YES_AGGRESSIVE;
				CLANG_WARN_UNREACHABLE_CODE = YES;
				CLANG_WARN__DUPLICATE_METHOD_MATCH = YES;
				CODE_SIGN_IDENTITY = "iPhone Developer";
				COPY_PHASE_STRIP = NO;
				DEBUG_INFORMATION_FORMAT = "dwarf-with-dsym";
				ENABLE_NS_ASSERTIONS = NO;
				ENABLE_STRICT_OBJC_MSGSEND = YES;
				GCC_C_LANGUAGE_STANDARD = gnu11;
				GCC_NO_COMMON_BLOCKS = YES;
				GCC_WARN_64_TO_32_BIT_CONVERSION = YES;
				GCC_WARN_ABOUT_RETURN_TYPE = YES_ERROR;
				GCC_WARN_UNDECLARED_SELECTOR = YES;
				GCC_WARN_UNINITIALIZED_AUTOS = YES_AGGRESSIVE;
				GCC_WARN_UNUSED_FUNCTION = YES;
				GCC_WARN_UNUSED_VARIABLE = YES;
				IPHONEOS_DEPLOYMENT_TARGET = 11.3;
				MTL_ENABLE_DEBUG_INFO = NO;
				SDKROOT = iphoneos;
				VALIDATE_PRODUCT = YES;
			};
			name = Release;
		};
		8456166E210B201700ABC8DC /* Debug */ = {
			isa = XCBuildConfiguration;
			buildSettings = {
				ASSETCATALOG_COMPILER_APPICON_NAME = AppIcon;
				CODE_SIGN_STYLE = Automatic;
				INFOPLIST_FILE = APIManager_9to5iOS/Info.plist;
				LD_RUNPATH_SEARCH_PATHS = (
					"$(inherited)",
					"@executable_path/Frameworks",
				);
				PRODUCT_BUNDLE_IDENTIFIER = "com.UnitTestExample.APIManager-9to5iOS";
				PRODUCT_NAME = "$(TARGET_NAME)";
				TARGETED_DEVICE_FAMILY = "1,2";
			};
			name = Debug;
		};
		8456166F210B201700ABC8DC /* Release */ = {
			isa = XCBuildConfiguration;
			buildSettings = {
				ASSETCATALOG_COMPILER_APPICON_NAME = AppIcon;
				CODE_SIGN_STYLE = Automatic;
				INFOPLIST_FILE = APIManager_9to5iOS/Info.plist;
				LD_RUNPATH_SEARCH_PATHS = (
					"$(inherited)",
					"@executable_path/Frameworks",
				);
				PRODUCT_BUNDLE_IDENTIFIER = "com.UnitTestExample.APIManager-9to5iOS";
				PRODUCT_NAME = "$(TARGET_NAME)";
				TARGETED_DEVICE_FAMILY = "1,2";
			};
			name = Release;
		};
/* End XCBuildConfiguration section */

/* Begin XCConfigurationList section */
		84561652210B1FE600ABC8DC /* Build configuration list for PBXProject "APIManager_9to5iOS" */ = {
			isa = XCConfigurationList;
			buildConfigurations = (
				8456166B210B201700ABC8DC /* Debug */,
				8456166C210B201700ABC8DC /* Release */,
			);
			defaultConfigurationIsVisible = 0;
			defaultConfigurationName = Release;
		};
		8456166D210B201700ABC8DC /* Build configuration list for PBXNativeTarget "APIManager_9to5iOS" */ = {
			isa = XCConfigurationList;
			buildConfigurations = (
				8456166E210B201700ABC8DC /* Debug */,
				8456166F210B201700ABC8DC /* Release */,
			);
			defaultConfigurationIsVisible = 0;
			defaultConfigurationName = Release;
		};
/* End XCConfigurationList section */
	};
	rootObject = 8456164F210B1FE500ABC8DC /* Project object */;
}
